
Microsoft Visual Studio Solution File, Format Version 11.00
# Visual Studio 2010
Project("{FAE04EC0-301F-11D3-BF4B-00C04F79EFBC}") = "myfirst", "myfirst\myfirst.csproj", "{40F70EBB-9B5B-4DE8-9C43-B05BB0E38322}"
EndProject
Global
	GlobalSection(SolutionConfigurationPlatforms) = preSolution
		Debug|Any CPU = Debug|Any CPU
		Release|Any CPU = Release|Any CPU
	EndGlobalSection
	GlobalSection(ProjectConfigurationPlatforms) = postSolution
		{40F70EBB-9B5B-4DE8-9C43-B05BB0E38322}.Debug|Any CPU.ActiveCfg = Debug|Any CPU
		{40F70EBB-9B5B-4DE8-9C43-B05BB0E38322}.Debug|Any CPU.Build.0 = Debug|Any CPU
		{40F70EBB-9B5B-4DE8-9C43-B05BB0E38322}.Release|Any CPU.ActiveCfg = Release|Any CPU
		{40F70EBB-9B5B-4DE8-9C43-B05BB0E38322}.Release|Any CPU.Build.0 = Release|Any CPU
	EndGlobalSection
	GlobalSection(MonoDevelopProperties) = preSolution
		StartupItem = myfirst\myfirst.csproj
	EndGlobalSection
EndGlobal
